
Microsoft Visual Studio Solution File, Format Version 12.00
# TcXaeShell Solution File, Format Version 11.00
VisualStudioVersion = 15.0.28307.1300
MinimumVisualStudioVersion = 10.0.40219.1
Project("{B1E792BE-AA5F-4E3C-8C82-674BF9C0715B}") = "SFICraneKristian", "SFICraneNewSetup\SFICraneKristian.tsproj", "{36AAB0B2-5D18-4D07-B9D0-56D7982BB26F}"
EndProject
Project("{23D6B0B7-CBAA-4070-A2AF-F2FCE2506A3D}") = "TwinCAT Drive Manager 2 Project6", "TwinCAT Drive Manager 2 Project6\TwinCAT Drive Manager 2 Project6.tcdmproj", "{5515CCFE-2F86-4B02-8D0C-841670190B57}"
EndProject
Global
	GlobalSection(SolutionConfigurationPlatforms) = preSolution
		Debug|TwinCAT CE7 (ARMV7) = Debug|TwinCAT CE7 (ARMV7)
		Debug|TwinCAT OS (ARMT2) = Debug|TwinCAT OS (ARMT2)
		Debug|TwinCAT RT (x64) = Debug|TwinCAT RT (x64)
		Debug|TwinCAT RT (x86) = Debug|TwinCAT RT (x86)
		Release|TwinCAT CE7 (ARMV7) = Release|TwinCAT CE7 (ARMV7)
		Release|TwinCAT OS (ARMT2) = Release|TwinCAT OS (ARMT2)
		Release|TwinCAT RT (x64) = Release|TwinCAT RT (x64)
		Release|TwinCAT RT (x86) = Release|TwinCAT RT (x86)
	EndGlobalSection
	GlobalSection(ProjectConfigurationPlatforms) = postSolution
		{36AAB0B2-5D18-4D07-B9D0-56D7982BB26F}.Debug|TwinCAT CE7 (ARMV7).ActiveCfg = Debug|TwinCAT CE7 (ARMV7)
		{36AAB0B2-5D18-4D07-B9D0-56D7982BB26F}.Debug|TwinCAT CE7 (ARMV7).Build.0 = Debug|TwinCAT CE7 (ARMV7)
		{36AAB0B2-5D18-4D07-B9D0-56D7982BB26F}.Debug|TwinCAT OS (ARMT2).ActiveCfg = Debug|TwinCAT OS (ARMT2)
		{36AAB0B2-5D18-4D07-B9D0-56D7982BB26F}.Debug|TwinCAT OS (ARMT2).Build.0 = Debug|TwinCAT OS (ARMT2)
		{36AAB0B2-5D18-4D07-B9D0-56D7982BB26F}.Debug|TwinCAT RT (x64).ActiveCfg = Debug|TwinCAT RT (x64)
		{36AAB0B2-5D18-4D07-B9D0-56D7982BB26F}.Debug|TwinCAT RT (x64).Build.0 = Debug|TwinCAT RT (x64)
		{36AAB0B2-5D18-4D07-B9D0-56D7982BB26F}.Debug|TwinCAT RT (x86).ActiveCfg = Debug|TwinCAT RT (x86)
		{36AAB0B2-5D18-4D07-B9D0-56D7982BB26F}.Debug|TwinCAT RT (x86).Build.0 = Debug|TwinCAT RT (x86)
		{36AAB0B2-5D18-4D07-B9D0-56D7982BB26F}.Release|TwinCAT CE7 (ARMV7).ActiveCfg = Release|TwinCAT CE7 (ARMV7)
		{36AAB0B2-5D18-4D07-B9D0-56D7982BB26F}.Release|TwinCAT CE7 (ARMV7).Build.0 = Release|TwinCAT CE7 (ARMV7)
		{36AAB0B2-5D18-4D07-B9D0-56D7982BB26F}.Release|TwinCAT OS (ARMT2).ActiveCfg = Release|TwinCAT OS (ARMT2)
		{36AAB0B2-5D18-4D07-B9D0-56D7982BB26F}.Release|TwinCAT OS (ARMT2).Build.0 = Release|TwinCAT OS (ARMT2)
		{36AAB0B2-5D18-4D07-B9D0-56D7982BB26F}.Release|TwinCAT RT (x64).ActiveCfg = Release|TwinCAT RT (x64)
		{36AAB0B2-5D18-4D07-B9D0-56D7982BB26F}.Release|TwinCAT RT (x64).Build.0 = Release|TwinCAT RT (x64)
		{36AAB0B2-5D18-4D07-B9D0-56D7982BB26F}.Release|TwinCAT RT (x86).ActiveCfg = Release|TwinCAT RT (x86)
		{36AAB0B2-5D18-4D07-B9D0-56D7982BB26F}.Release|TwinCAT RT (x86).Build.0 = Release|TwinCAT RT (x86)
		{5515CCFE-2F86-4B02-8D0C-841670190B57}.Debug|TwinCAT CE7 (ARMV7).ActiveCfg = Debug|TwinCAT CE7 (ARMV7)
		{5515CCFE-2F86-4B02-8D0C-841670190B57}.Debug|TwinCAT OS (ARMT2).ActiveCfg = Debug|TwinCAT OS (ARMT2)
		{5515CCFE-2F86-4B02-8D0C-841670190B57}.Debug|TwinCAT RT (x64).ActiveCfg = Debug|TwinCAT RT (x64)
		{5515CCFE-2F86-4B02-8D0C-841670190B57}.Debug|TwinCAT RT (x86).ActiveCfg = Debug|TwinCAT RT (x86)
		{5515CCFE-2F86-4B02-8D0C-841670190B57}.Release|TwinCAT CE7 (ARMV7).ActiveCfg = Release|TwinCAT CE7 (ARMV7)
		{5515CCFE-2F86-4B02-8D0C-841670190B57}.Release|TwinCAT OS (ARMT2).ActiveCfg = Release|TwinCAT OS (ARMT2)
		{5515CCFE-2F86-4B02-8D0C-841670190B57}.Release|TwinCAT RT (x64).ActiveCfg = Release|TwinCAT RT (x64)
		{5515CCFE-2F86-4B02-8D0C-841670190B57}.Release|TwinCAT RT (x86).ActiveCfg = Release|TwinCAT RT (x86)
		{64FB78BA-5775-4793-83DB-E4463DEFB246}.Debug|TwinCAT CE7 (ARMV7).ActiveCfg = Debug|TwinCAT CE7 (ARMV7)
		{64FB78BA-5775-4793-83DB-E4463DEFB246}.Debug|TwinCAT CE7 (ARMV7).Build.0 = Debug|TwinCAT CE7 (ARMV7)
		{64FB78BA-5775-4793-83DB-E4463DEFB246}.Debug|TwinCAT OS (ARMT2).ActiveCfg = Debug|TwinCAT OS (ARMT2)
		{64FB78BA-5775-4793-83DB-E4463DEFB246}.Debug|TwinCAT OS (ARMT2).Build.0 = Debug|TwinCAT OS (ARMT2)
		{64FB78BA-5775-4793-83DB-E4463DEFB246}.Debug|TwinCAT RT (x64).ActiveCfg = Debug|TwinCAT RT (x64)
		{64FB78BA-5775-4793-83DB-E4463DEFB246}.Debug|TwinCAT RT (x64).Build.0 = Debug|TwinCAT RT (x64)
		{64FB78BA-5775-4793-83DB-E4463DEFB246}.Debug|TwinCAT RT (x86).ActiveCfg = Debug|TwinCAT RT (x86)
		{64FB78BA-5775-4793-83DB-E4463DEFB246}.Debug|TwinCAT RT (x86).Build.0 = Debug|TwinCAT RT (x86)
		{64FB78BA-5775-4793-83DB-E4463DEFB246}.Release|TwinCAT CE7 (ARMV7).ActiveCfg = Release|TwinCAT CE7 (ARMV7)
		{64FB78BA-5775-4793-83DB-E4463DEFB246}.Release|TwinCAT CE7 (ARMV7).Build.0 = Release|TwinCAT CE7 (ARMV7)
		{64FB78BA-5775-4793-83DB-E4463DEFB246}.Release|TwinCAT OS (ARMT2).ActiveCfg = Release|TwinCAT OS (ARMT2)
		{64FB78BA-5775-4793-83DB-E4463DEFB246}.Release|TwinCAT OS (ARMT2).Build.0 = Release|TwinCAT OS (ARMT2)
		{64FB78BA-5775-4793-83DB-E4463DEFB246}.Release|TwinCAT RT (x64).ActiveCfg = Release|TwinCAT RT (x64)
		{64FB78BA-5775-4793-83DB-E4463DEFB246}.Release|TwinCAT RT (x64).Build.0 = Release|TwinCAT RT (x64)
		{64FB78BA-5775-4793-83DB-E4463DEFB246}.Release|TwinCAT RT (x86).ActiveCfg = Release|TwinCAT RT (x86)
		{64FB78BA-5775-4793-83DB-E4463DEFB246}.Release|TwinCAT RT (x86).Build.0 = Release|TwinCAT RT (x86)
		{231A37AB-8D33-4676-8550-6B401CCE9538}.Debug|TwinCAT CE7 (ARMV7).ActiveCfg = Debug|TwinCAT CE7 (ARMV7)
		{231A37AB-8D33-4676-8550-6B401CCE9538}.Debug|TwinCAT CE7 (ARMV7).Build.0 = Debug|TwinCAT CE7 (ARMV7)
		{231A37AB-8D33-4676-8550-6B401CCE9538}.Debug|TwinCAT OS (ARMT2).ActiveCfg = Debug|TwinCAT OS (ARMT2)
		{231A37AB-8D33-4676-8550-6B401CCE9538}.Debug|TwinCAT OS (ARMT2).Build.0 = Debug|TwinCAT OS (ARMT2)
		{231A37AB-8D33-4676-8550-6B401CCE9538}.Debug|TwinCAT RT (x64).ActiveCfg = Debug|TwinCAT RT (x64)
		{231A37AB-8D33-4676-8550-6B401CCE9538}.Debug|TwinCAT RT (x64).Build.0 = Debug|TwinCAT RT (x64)
		{231A37AB-8D33-4676-8550-6B401CCE9538}.Debug|TwinCAT RT (x86).ActiveCfg = Debug|TwinCAT RT (x86)
		{231A37AB-8D33-4676-8550-6B401CCE9538}.Debug|TwinCAT RT (x86).Build.0 = Debug|TwinCAT RT (x86)
		{231A37AB-8D33-4676-8550-6B401CCE9538}.Release|TwinCAT CE7 (ARMV7).ActiveCfg = Release|TwinCAT CE7 (ARMV7)
		{231A37AB-8D33-4676-8550-6B401CCE9538}.Release|TwinCAT CE7 (ARMV7).Build.0 = Release|TwinCAT CE7 (ARMV7)
		{231A37AB-8D33-4676-8550-6B401CCE9538}.Release|TwinCAT OS (ARMT2).ActiveCfg = Release|TwinCAT OS (ARMT2)
		{231A37AB-8D33-4676-8550-6B401CCE9538}.Release|TwinCAT OS (ARMT2).Build.0 = Release|TwinCAT OS (ARMT2)
		{231A37AB-8D33-4676-8550-6B401CCE9538}.Release|TwinCAT RT (x64).ActiveCfg = Release|TwinCAT RT (x64)
		{231A37AB-8D33-4676-8550-6B401CCE9538}.Release|TwinCAT RT (x64).Build.0 = Release|TwinCAT RT (x64)
		{231A37AB-8D33-4676-8550-6B401CCE9538}.Release|TwinCAT RT (x86).ActiveCfg = Release|TwinCAT RT (x86)
		{231A37AB-8D33-4676-8550-6B401CCE9538}.Release|TwinCAT RT (x86).Build.0 = Release|TwinCAT RT (x86)
	EndGlobalSection
	GlobalSection(SolutionProperties) = preSolution
		HideSolutionNode = FALSE
	EndGlobalSection
	GlobalSection(ExtensibilityGlobals) = postSolution
		SolutionGuid = {D90003E1-EFF1-4EF9-8AD4-6C7D71A4957C}
	EndGlobalSection
EndGlobal
